Microsoft Visual Studio Solution File, Format Version 8.00
# Visual Studio 2003
Project("{8BC9CEB8-8B4A-11D0-8D11-00A0C91BC942}") = "dijkstra", "VC/dijkstra.vcproj", "{00000000-0000-0000-0000-000000023875}"
EndProject
Project("{8BC9CEB8-8B4A-11D0-8D11-00A0C91BC942}") = "dijkstra_with_internal_properties", "VC/dijkstra_with_internal_properties.vcproj", "{00000000-0000-0000-0000-000000019758}"
EndProject
Project("{8BC9CEB8-8B4A-11D0-8D11-00A0C91BC942}") = "emst", "VC/emst.vcproj", "{00000000-0000-0000-0000-000000015640}"
EndProject
